
Microsoft Visual Studio Solution File, Format Version 12.00
# Visual Studio 2017
Project("{FAE04EC0-301F-11D3-BF4B-00C04F79EFBC}") = "Introduction To HTC Vive - Starter", "Introduction To HTC Vive - Starter.csproj", "{AA8D8C14-E418-08BB-5822-8FF8DD68950B}"
EndProject
Project("{FAE04EC0-301F-11D3-BF4B-00C04F79EFBC}") = "Introduction To HTC Vive - Starter.Editor", "Introduction To HTC Vive - Starter.Editor.csproj", "{F6643407-E0EA-8767-BA81-9D11FA3252CB}"
EndProject
Global
	GlobalSection(SolutionConfigurationPlatforms) = preSolution
		Debug|Any CPU = Debug|Any CPU
		Release|Any CPU = Release|Any CPU
	EndGlobalSection
	GlobalSection(ProjectConfigurationPlatforms) = postSolution
		{AA8D8C14-E418-08BB-5822-8FF8DD68950B}.Debug|Any CPU.ActiveCfg = Debug|Any CPU
		{AA8D8C14-E418-08BB-5822-8FF8DD68950B}.Debug|Any CPU.Build.0 = Debug|Any CPU
		{AA8D8C14-E418-08BB-5822-8FF8DD68950B}.Release|Any CPU.ActiveCfg = Release|Any CPU
		{AA8D8C14-E418-08BB-5822-8FF8DD68950B}.Release|Any CPU.Build.0 = Release|Any CPU
		{F6643407-E0EA-8767-BA81-9D11FA3252CB}.Debug|Any CPU.ActiveCfg = Debug|Any CPU
		{F6643407-E0EA-8767-BA81-9D11FA3252CB}.Debug|Any CPU.Build.0 = Debug|Any CPU
		{F6643407-E0EA-8767-BA81-9D11FA3252CB}.Release|Any CPU.ActiveCfg = Release|Any CPU
		{F6643407-E0EA-8767-BA81-9D11FA3252CB}.Release|Any CPU.Build.0 = Release|Any CPU
	EndGlobalSection
	GlobalSection(SolutionProperties) = preSolution
		HideSolutionNode = FALSE
	EndGlobalSection
EndGlobal
